{
	"lockfileVersion": 1,
	"dependencies": {
		"@angular/animations": {
			"version": "4.1.3",
			"resolved": "https://registry.npmjs.org/@angular/animations/-/animations-4.1.3.tgz",
			"integrity": "sha1-bomh4Pv9bQ6Qvk8q4ZCqxn+DpBE="
		},
		"@angular/common": {
			"version": "4.1.3",
			"resolved": "https://registry.npmjs.org/@angular/common/-/common-4.1.3.tgz",
			"integrity": "sha1-58R5HjITHPdMI5QowqZ9qrLu8Bc="
		},
		"@angular/compiler": {
			"version": "4.1.3",
			"resolved": "https://registry.npmjs.org/@angular/compiler/-/compiler-4.1.3.tgz",
			"integrity": "sha1-0t0whTsM9KVHWLSjFGMsIx+clMM="
		},
		"@angular/core": {
			"version": "4.1.3",
			"resolved": "https://registry.npmjs.org/@angular/core/-/core-4.1.3.tgz",
			"integrity": "sha1-KFSY64arfQtvmC+Pn0h+9hABOzU="
		},
		"@angular/forms": {
			"version": "4.1.3",
			"resolved": "https://registry.npmjs.org/@angular/forms/-/forms-4.1.3.tgz",
			"integrity": "sha1-OAq0w6+ExdHXSMKn0EFRx9yOSYI="
		},
		"@angular/http": {
			"version": "4.1.3",
			"resolved": "https://registry.npmjs.org/@angular/http/-/http-4.1.3.tgz",
			"integrity": "sha1-650cMCoBcoFfmlczENm+C964Ra4="
		},
		"@angular/platform-browser": {
			"version": "4.1.3",
			"resolved": "https://registry.npmjs.org/@angular/platform-browser/-/platform-browser-4.1.3.tgz",
			"integrity": "sha1-T6HbURndF4sxXdrlsym+4akypb0="
		},
		"@angular/router": {
			"version": "4.1.3",
			"resolved": "https://registry.npmjs.org/@angular/router/-/router-4.1.3.tgz",
			"integrity": "sha1-3a/UaufMyLH3SQT/tF85TkRiUhY="
		},
		"any-promise": {
			"version": "1.3.0",
			"resolved": "https://registry.npmjs.org/any-promise/-/any-promise-1.3.0.tgz",
			"integrity": "sha1-q8av7tzqUugJzcA3au0845Y10X8="
		},
		"async": {
			"version": "0.1.22",
			"resolved": "https://registry.npmjs.org/async/-/async-0.1.22.tgz",
			"integrity": "sha1-D8GqoIig4+8Ovi2IMbqw3PiEUGE="
		},
		"balanced-match": {
			"version": "1.0.0",
			"resolved": "https://registry.npmjs.org/balanced-match/-/balanced-match-1.0.0.tgz",
			"integrity": "sha1-ibTRmasr7kneFk6gK4nORi1xt2c="
		},
		"base64-js": {
			"version": "1.1.2",
			"resolved": "https://registry.npmjs.org/base64-js/-/base64-js-1.1.2.tgz",
			"integrity": "sha1-1kAMrBxMZgl22Q0HoENR2JOV9eg="
		},
		"big-integer": {
			"version": "1.6.23",
			"resolved": "https://registry.npmjs.org/big-integer/-/big-integer-1.6.23.tgz",
			"integrity": "sha1-6F1QgiDHTj9DpM5y7tUfPaTblNE="
		},
		"bplist-creator": {
			"version": "0.0.7",
			"resolved": "https://registry.npmjs.org/bplist-creator/-/bplist-creator-0.0.7.tgz",
			"integrity": "sha1-N98VNgkoJLh8QvlXsBNEEXNyrkU="
		},
		"bplist-parser": {
			"version": "0.1.1",
			"resolved": "https://registry.npmjs.org/bplist-parser/-/bplist-parser-0.1.1.tgz",
			"integrity": "sha1-1g1dzCDLptx+HymbNdPh+V2vuuY="
		},
		"brace-expansion": {
			"version": "1.1.8",
			"resolved": "https://registry.npmjs.org/brace-expansion/-/brace-expansion-1.1.8.tgz",
			"integrity": "sha1-wHshHHyVLsH479Uad+8NHTmQopI="
		},
		"colors": {
			"version": "0.6.2",
			"resolved": "https://registry.npmjs.org/colors/-/colors-0.6.2.tgz",
			"integrity": "sha1-JCP+ZnisDF2uiFLl0OW+CMmXq8w="
		},
		"concat-map": {
			"version": "0.0.1",
			"resolved": "https://registry.npmjs.org/concat-map/-/concat-map-0.0.1.tgz",
			"integrity": "sha1-2Klr13/Wjfd5OnMDajug1UBdR3s="
		},
		"fs-extra": {
			"version": "2.1.2",
			"resolved": "https://registry.npmjs.org/fs-extra/-/fs-extra-2.1.2.tgz",
			"integrity": "sha1-BGxwFjzvmq1GsOSn+kZ/si1x3jU="
		},
		"fs-promise": {
			"version": "2.0.3",
			"resolved": "https://registry.npmjs.org/fs-promise/-/fs-promise-2.0.3.tgz",
			"integrity": "sha1-9k5PhUvPaJqovdy6JokW2z20aFQ="
		},
		"glob": {
			"version": "6.0.4",
			"resolved": "https://registry.npmjs.org/glob/-/glob-6.0.4.tgz",
			"integrity": "sha1-DwiGD2oVUSey+t1PnOJLGqtuTSI="
		},
		"graceful-fs": {
			"version": "4.1.11",
			"resolved": "https://registry.npmjs.org/graceful-fs/-/graceful-fs-4.1.11.tgz",
			"integrity": "sha1-Dovf5NHduIVNZOBOp8AOKgJuVlg="
		},
		"inflight": {
			"version": "1.0.6",
			"resolved": "https://registry.npmjs.org/inflight/-/inflight-1.0.6.tgz",
			"integrity": "sha1-Sb1jMdfQLQwJvJEKEHW6gWW1bfk="
		},
		"inherits": {
			"version": "2.0.3",
			"resolved": "https://registry.npmjs.org/inherits/-/inherits-2.0.3.tgz",
			"integrity": "sha1-Yzwsg+PaQqUC9SRmAiSA9CCCYd4="
		},
		"jsonfile": {
			"version": "2.4.0",
			"resolved": "https://registry.npmjs.org/jsonfile/-/jsonfile-2.4.0.tgz",
			"integrity": "sha1-NzaitCi4e72gzIO1P6PWM6NcKug="
		},
		"minimatch": {
			"version": "3.0.4",
			"resolved": "https://registry.npmjs.org/minimatch/-/minimatch-3.0.4.tgz",
			"integrity": "sha512-yJHVQEhyqPLUTgt9B83PXu6W3rx4MvvHvSUvToogpwoGDOUQ+yDrR0HRot+yOCdCO7u4hX3pWft6kWBBcqh0UA=="
		},
		"minimist": {
			"version": "0.0.8",
			"resolved": "https://registry.npmjs.org/minimist/-/minimist-0.0.8.tgz",
			"integrity": "sha1-hX/Kv8M5fSYluCKCYuhqp6ARsF0="
		},
		"mkdirp": {
			"version": "0.5.1",
			"resolved": "https://registry.npmjs.org/mkdirp/-/mkdirp-0.5.1.tgz",
			"integrity": "sha1-MAV0OOrGz3+MR2fzhkjWaX11yQM="
		},
		"mute-stream": {
			"version": "0.0.7",
			"resolved": "https://registry.npmjs.org/mute-stream/-/mute-stream-0.0.7.tgz",
			"integrity": "sha1-MHXOk7whuPq0PhvE2n6BFe0ee6s="
		},
		"mz": {
			"version": "2.6.0",
			"resolved": "https://registry.npmjs.org/mz/-/mz-2.6.0.tgz",
			"integrity": "sha1-yLhSHZWN8KTydoAl22nHGe5O8c4="
		},
		"nativescript-angular": {
			"version": "3.0.0",
			"resolved": "https://registry.npmjs.org/nativescript-angular/-/nativescript-angular-3.0.0.tgz",
			"integrity": "sha1-QBxerolcIqRAEMFvRDkQ0qpa9u4="
		},
		"nativescript-dev-typescript": {
			"version": "0.4.6",
			"resolved": "https://registry.npmjs.org/nativescript-dev-typescript/-/nativescript-dev-typescript-0.4.6.tgz",
			"integrity": "sha1-o3nlfyIG/rpLUy0hUHdXGCDTj6A=",
			"dev": true
		},
		"nativescript-hook": {
			"version": "0.2.1",
			"resolved": "https://registry.npmjs.org/nativescript-hook/-/nativescript-hook-0.2.1.tgz",
			"integrity": "sha1-eGIlBW2yD6SeeGRR3M1ktS44ZNk="
		},
		"nativescript-intl": {
			"version": "3.0.0",
			"resolved": "https://registry.npmjs.org/nativescript-intl/-/nativescript-intl-3.0.0.tgz",
			"integrity": "sha1-gu6b59N3Fys8QpVzRyMDdijhhqc="
		},
		"nativescript-plugin-firebase": {
			"version": "4.0.5",
			"resolved": "https://registry.npmjs.org/nativescript-plugin-firebase/-/nativescript-plugin-firebase-4.0.5.tgz",
			"integrity": "sha1-DugQ5S69bRYSl+QqgPtxt6RZniw="
		},
		"nativescript-theme-core": {
			"version": "1.0.4",
			"resolved": "https://registry.npmjs.org/nativescript-theme-core/-/nativescript-theme-core-1.0.4.tgz",
			"integrity": "sha1-zyiAx/vy/l9D4iNdMJdQeQgD7+E="
		},
		"object-assign": {
			"version": "4.1.1",
			"resolved": "https://registry.npmjs.org/object-assign/-/object-assign-4.1.1.tgz",
			"integrity": "sha1-IQmtx5ZYh8/AXLvUQsrIv7s2CGM="
		},
		"once": {
			"version": "1.4.0",
			"resolved": "https://registry.npmjs.org/once/-/once-1.4.0.tgz",
			"integrity": "sha1-WDsap3WWHUsROsF9nFC6753Xa9E="
		},
		"path-is-absolute": {
			"version": "1.0.1",
			"resolved": "https://registry.npmjs.org/path-is-absolute/-/path-is-absolute-1.0.1.tgz",
			"integrity": "sha1-F0uSaHNVNP+8es5r9TpanhtcX18="
		},
		"pegjs": {
			"version": "0.10.0",
			"resolved": "https://registry.npmjs.org/pegjs/-/pegjs-0.10.0.tgz",
			"integrity": "sha1-z4uvrm7d/0tafvsYUmnqr0YQ3b0="
		},
		"plist": {
			"version": "2.0.1",
			"resolved": "https://registry.npmjs.org/plist/-/plist-2.0.1.tgz",
			"integrity": "sha1-CjLKlIGxw2TpLhjcVch23p0B2os="
		},
		"prompt-lite": {
			"version": "0.1.1",
			"resolved": "https://registry.npmjs.org/prompt-lite/-/prompt-lite-0.1.1.tgz",
			"integrity": "sha1-+oSPgboTnn0/Mhdz3a/JPTKFfHU="
		},
		"read": {
			"version": "1.0.7",
			"resolved": "https://registry.npmjs.org/read/-/read-1.0.7.tgz",
			"integrity": "sha1-s9oZvQUkMal2cdRKQmNK33ELQMQ="
		},
		"reflect-metadata": {
			"version": "0.1.10",
			"resolved": "https://registry.npmjs.org/reflect-metadata/-/reflect-metadata-0.1.10.tgz",
			"integrity": "sha1-tPg3BEFqytiZiMmxVjXUfgO5NEo="
		},
		"revalidator": {
			"version": "0.1.8",
			"resolved": "https://registry.npmjs.org/revalidator/-/revalidator-0.1.8.tgz",
			"integrity": "sha1-/s5hv6DBtSoga9axgZgYS91SOjs="
		},
		"rxjs": {
			"version": "5.3.3",
			"resolved": "https://registry.npmjs.org/rxjs/-/rxjs-5.3.3.tgz",
			"integrity": "sha1-3S+VEF9xPZXyW4lMvl9opfMskmw="
		},
		"simple-plist": {
			"version": "0.2.1",
			"resolved": "https://registry.npmjs.org/simple-plist/-/simple-plist-0.2.1.tgz",
			"integrity": "sha1-cXZts1IyaSjPOoByQrp2IyJjZyM="
		},
		"stream-buffers": {
			"version": "2.2.0",
			"resolved": "https://registry.npmjs.org/stream-buffers/-/stream-buffers-2.2.0.tgz",
			"integrity": "sha1-kdX1Ew0c75bc+n9yaUUYh0HQnuQ="
		},
		"symbol-observable": {
			"version": "1.0.4",
			"resolved": "https://registry.npmjs.org/symbol-observable/-/symbol-observable-1.0.4.tgz",
			"integrity": "sha1-Kb9hXUqnEhvdiYsi1LP5vE4qoD0="
		},
		"thenify": {
			"version": "3.3.0",
			"resolved": "https://registry.npmjs.org/thenify/-/thenify-3.3.0.tgz",
			"integrity": "sha1-5p44obq+lpsBCCB5eLn2K4hgSDk="
		},
		"thenify-all": {
			"version": "1.6.0",
			"resolved": "https://registry.npmjs.org/thenify-all/-/thenify-all-1.6.0.tgz",
			"integrity": "sha1-GhkY1ALY/D+Y+/I02wvMjMEOlyY="
		},
		"tns-core-modules": {
			"version": "3.0.1",
			"resolved": "https://registry.npmjs.org/tns-core-modules/-/tns-core-modules-3.0.1.tgz",
			"integrity": "sha1-CM17csmOb1Y/u6U2ZopQwE3Rpf0="
		},
		"tns-core-modules-widgets": {
			"version": "3.0.1",
			"resolved": "https://registry.npmjs.org/tns-core-modules-widgets/-/tns-core-modules-widgets-3.0.1.tgz",
			"integrity": "sha1-g1hSzVkxQYCNLTMlWAa5N4GHzyA="
		},
		"typescript": {
			"version": "2.2.2",
			"resolved": "https://registry.npmjs.org/typescript/-/typescript-2.2.2.tgz",
			"integrity": "sha1-YGAiUIR5tV/6NotY/uljoD39eww=",
			"dev": true
		},
		"uuid": {
			"version": "3.0.1",
			"resolved": "https://registry.npmjs.org/uuid/-/uuid-3.0.1.tgz",
			"integrity": "sha1-ZUS7ot/ajBzxfmKaOjBeK7H+5sE="
		},
		"wrappy": {
			"version": "1.0.2",
			"resolved": "https://registry.npmjs.org/wrappy/-/wrappy-1.0.2.tgz",
			"integrity": "sha1-tSQ9jz7BqjXxNkYFvA0QNuMKtp8="
		},
		"xcode": {
			"version": "0.9.3",
			"resolved": "https://registry.npmjs.org/xcode/-/xcode-0.9.3.tgz",
			"integrity": "sha1-kQqJwWrubMC0LKgFptC0z4chHPM="
		},
		"xmlbuilder": {
			"version": "8.2.2",
			"resolved": "https://registry.npmjs.org/xmlbuilder/-/xmlbuilder-8.2.2.tgz",
			"integrity": "sha1-aSSGc0ELS6QuGmE2VR0pIjNap3M="
		},
		"xmldom": {
			"version": "0.1.27",
			"resolved": "https://registry.npmjs.org/xmldom/-/xmldom-0.1.27.tgz",
			"integrity": "sha1-1QH5ezvbQDr4757MIFcxh6rawOk="
		},
		"zone.js": {
			"version": "0.8.16",
			"resolved": "https://registry.npmjs.org/zone.js/-/zone.js-0.8.16.tgz",
			"integrity": "sha1-rDG2xBj4jA+Ritas2KQCrKkxOrs="
		}
	}
}
